
Microsoft Visual Studio Solution File, Format Version 12.00
# Visual Studio 15
VisualStudioVersion = 15.0.26403.3
MinimumVisualStudioVersion = 10.0.40219.1
Project("{FAE04EC0-301F-11D3-BF4B-00C04F79EFBC}") = "Api", "Api\Api.csproj", "{A5955BB2-D5FB-4D51-8761-97676098653A}"
EndProject
Global
	GlobalSection(SolutionConfigurationPlatforms) = preSolution
		Debug|Any CPU = Debug|Any CPU
		Release|Any CPU = Release|Any CPU
	EndGlobalSection
	GlobalSection(ProjectConfigurationPlatforms) = postSolution
		{A5955BB2-D5FB-4D51-8761-97676098653A}.Debug|Any CPU.ActiveCfg = Debug|Any CPU
		{A5955BB2-D5FB-4D51-8761-97676098653A}.Debug|Any CPU.Build.0 = Debug|Any CPU
		{A5955BB2-D5FB-4D51-8761-97676098653A}.Release|Any CPU.ActiveCfg = Release|Any CPU
		{A5955BB2-D5FB-4D51-8761-97676098653A}.Release|Any CPU.Build.0 = Release|Any CPU
	EndGlobalSection
	GlobalSection(SolutionProperties) = preSolution
		HideSolutionNode = FALSE
	EndGlobalSection
EndGlobal
